
Microsoft Visual Studio Solution File, Format Version 12.00
# Visual Studio Version 17
VisualStudioVersion = 17.4.33103.184
MinimumVisualStudioVersion = 10.0.40219.1
Project("{FAE04EC0-301F-11D3-BF4B-00C04F79EFBC}") = "ATM", "ATM.csproj", "{F23027C2-E2B8-4463-B7F5-9FC0A61CECDB}"
EndProject
Global
	GlobalSection(SolutionConfigurationPlatforms) = preSolution
		Debug|Any CPU = Debug|Any CPU
		Release|Any CPU = Release|Any CPU
	EndGlobalSection
	GlobalSection(ProjectConfigurationPlatforms) = postSolution
		{F23027C2-E2B8-4463-B7F5-9FC0A61CECDB}.Debug|Any CPU.ActiveCfg = Debug|Any CPU
		{F23027C2-E2B8-4463-B7F5-9FC0A61CECDB}.Debug|Any CPU.Build.0 = Debug|Any CPU
		{F23027C2-E2B8-4463-B7F5-9FC0A61CECDB}.Release|Any CPU.ActiveCfg = Release|Any CPU
		{F23027C2-E2B8-4463-B7F5-9FC0A61CECDB}.Release|Any CPU.Build.0 = Release|Any CPU
	EndGlobalSection
	GlobalSection(SolutionProperties) = preSolution
		HideSolutionNode = FALSE
	EndGlobalSection
	GlobalSection(ExtensibilityGlobals) = postSolution
		SolutionGuid = {98FF27CF-8A5F-4ABF-B527-6442F7AE4A1F}
	EndGlobalSection
EndGlobal
